// !$*UTF8*$!
{
	archiveVersion = 1;
	classes = {
	};
	objectVersion = 48;
	objects = {

/* Begin PBXBuildFile section */
		B22EE4FD1FCDA63F00CD659C /* Pods_scCal.framework in Frameworks */ = {isa = PBXBuildFile; fileRef = B22EE4FE1FCDA63F00CD659C /* Pods_scCal.framework */; };
		B28706DD1FCD9C380015BA15 /* Calculate.swift in Sources */ = {isa = PBXBuildFile; fileRef = B28706DC1FCD9C380015BA15 /* Calculate.swift */; };
		B2EF2D131FCA61A400B2B8BC /* AppDelegate.swift in Sources */ = {isa = PBXBuildFile; fileRef = B2EF2D121FCA61A400B2B8BC /* AppDelegate.swift */; };
		B2EF2D151FCA61A400B2B8BC /* ViewController.swift in Sources */ = {isa = PBXBuildFile; fileRef = B2EF2D141FCA61A400B2B8BC /* ViewController.swift */; };
		B2EF2D181FCA61A400B2B8BC /* Main.storyboard in Resources */ = {isa = PBXBuildFile; fileRef = B2EF2D161FCA61A400B2B8BC /* Main.storyboard */; };
		B2EF2D1A1FCA61A400B2B8BC /* Assets.xcassets in Resources */ = {isa = PBXBuildFile; fileRef = B2EF2D191FCA61A400B2B8BC /* Assets.xcassets */; };
		B2EF2D1D1FCA61A400B2B8BC /* LaunchScreen.storyboard in Resources */ = {isa = PBXBuildFile; fileRef = B2EF2D1B1FCA61A400B2B8BC /* LaunchScreen.storyboard */; };
		B2EF2D251FCA96FF00B2B8BC /* RoundButton.swift in Sources */ = {isa = PBXBuildFile; fileRef = B2EF2D241FCA96FF00B2B8BC /* RoundButton.swift */; };
/* End PBXBuildFile section */

/* Begin PBXFileReference section */
		0745ABABF8349769C877B5F3 /* Pods-scCal.release.xcconfig */ = {isa = PBXFileReference; includeInIndex = 1; lastKnownFileType = text.xcconfig; name = "Pods-scCal.release.xcconfig"; path = "Pods/Target Support Files/Pods-scCal/Pods-scCal.release.xcconfig"; sourceTree = "<group>"; };
		79A0871D31F8320334DDEAFA /* Pods-scCal.debug.xcconfig */ = {isa = PBXFileReference; includeInIndex = 1; lastKnownFileType = text.xcconfig; name = "Pods-scCal.debug.xcconfig"; path = "Pods/Target Support Files/Pods-scCal/Pods-scCal.debug.xcconfig"; sourceTree = "<group>"; };
		B22EE4FE1FCDA63F00CD659C /* Pods_scCal.framework */ = {isa = PBXFileReference; explicitFileType = wrapper.framework; path = Pods_scCal.framework; sourceTree = BUILT_PRODUCTS_DIR; };
		B28706DC1FCD9C380015BA15 /* Calculate.swift */ = {isa = PBXFileReference; lastKnownFileType = sourcecode.swift; path = Calculate.swift; sourceTree = "<group>"; };
		B2EF2D0F1FCA61A400B2B8BC /* scCal.app */ = {isa = PBXFileReference; explicitFileType = wrapper.application; includeInIndex = 0; path = scCal.app; sourceTree = BUILT_PRODUCTS_DIR; };
		B2EF2D121FCA61A400B2B8BC /* AppDelegate.swift */ = {isa = PBXFileReference; lastKnownFileType = sourcecode.swift; path = AppDelegate.swift; sourceTree = "<group>"; };
		B2EF2D141FCA61A400B2B8BC /* ViewController.swift */ = {isa = PBXFileReference; lastKnownFileType = sourcecode.swift; path = ViewController.swift; sourceTree = "<group>"; };
		B2EF2D171FCA61A400B2B8BC /* Base */ = {isa = PBXFileReference; lastKnownFileType = file.storyboard; name = Base; path = Base.lproj/Main.storyboard; sourceTree = "<group>"; };
		B2EF2D191FCA61A400B2B8BC /* Assets.xcassets */ = {isa = PBXFileReference; lastKnownFileType = folder.assetcatalog; path = Assets.xcassets; sourceTree = "<group>"; };
		B2EF2D1C1FCA61A400B2B8BC /* Base */ = {isa = PBXFileReference; lastKnownFileType = file.storyboard; name = Base; path = Base.lproj/LaunchScreen.storyboard; sourceTree = "<group>"; };
		B2EF2D1E1FCA61A400B2B8BC /* Info.plist */ = {isa = PBXFileReference; lastKnownFileType = text.plist.xml; path = Info.plist; sourceTree = "<group>"; };
		B2EF2D241FCA96FF00B2B8BC /* RoundButton.swift */ = {isa = PBXFileReference; lastKnownFileType = sourcecode.swift; path = RoundButton.swift; sourceTree = "<group>"; };
/* End PBXFileReference section */

/* Begin PBXFrameworksBuildPhase section */
		B2EF2D0C1FCA61A400B2B8BC /* Frameworks */ = {
			isa = PBXFrameworksBuildPhase;
			buildActionMask = 2147483647;
			files = (
				B22EE4FD1FCDA63F00CD659C /* Pods_scCal.framework in Frameworks */,
			);
			runOnlyForDeploymentPostprocessing = 0;
		};
/* End PBXFrameworksBuildPhase section */

/* Begin PBXGroup section */
		189D3B5AD80E1E53DCEEC56C /* Frameworks */ = {
			isa = PBXGroup;
			children = (
				B22EE4FE1FCDA63F00CD659C /* Pods_scCal.framework */,
			);
			name = Frameworks;
			sourceTree = "<group>";
		};
		76DEDA7895317B01B0E7D17C /* Pods */ = {
			isa = PBXGroup;
			children = (
				79A0871D31F8320334DDEAFA /* Pods-scCal.debug.xcconfig */,
				0745ABABF8349769C877B5F3 /* Pods-scCal.release.xcconfig */,
			);
			name = Pods;
			sourceTree = "<group>";
		};
		B2EF2D061FCA61A400B2B8BC = {
			isa = PBXGroup;
			children = (
				B2EF2D111FCA61A400B2B8BC /* scCal */,
				B2EF2D101FCA61A400B2B8BC /* Products */,
				76DEDA7895317B01B0E7D17C /* Pods */,
				189D3B5AD80E1E53DCEEC56C /* Frameworks */,
			);
			sourceTree = "<group>";
		};
		B2EF2D101FCA61A400B2B8BC /* Products */ = {
			isa = PBXGroup;
			children = (
				B2EF2D0F1FCA61A400B2B8BC /* scCal.app */,
			);
			name = Products;
			sourceTree = "<group>";
		};
		B2EF2D111FCA61A400B2B8BC /* scCal */ = {
			isa = PBXGroup;
			children = (
				B2EF2D121FCA61A400B2B8BC /* AppDelegate.swift */,
				B28706DC1FCD9C380015BA15 /* Calculate.swift */,
				B2EF2D141FCA61A400B2B8BC /* ViewController.swift */,
				B2EF2D161FCA61A400B2B8BC /* Main.storyboard */,
				B2EF2D191FCA61A400B2B8BC /* Assets.xcassets */,
				B2EF2D1B1FCA61A400B2B8BC /* LaunchScreen.storyboard */,
				B2EF2D1E1FCA61A400B2B8BC /* Info.plist */,
				B2EF2D241FCA96FF00B2B8BC /* RoundButton.swift */,
			);
			path = scCal;
			sourceTree = "<group>";
		};
/* End PBXGroup section */

/* Begin PBXNativeTarget section */
		B2EF2D0E1FCA61A400B2B8BC /* scCal */ = {
			isa = PBXNativeTarget;
			buildConfigurationList = B2EF2D211FCA61A400B2B8BC /* Build configuration list for PBXNativeTarget "scCal" */;
			buildPhases = (
				7420305F469E55568E44C64D /* [CP] Check Pods Manifest.lock */,
				B2EF2D0B1FCA61A400B2B8BC /* Sources */,
				B2EF2D0C1FCA61A400B2B8BC /* Frameworks */,
				B2EF2D0D1FCA61A400B2B8BC /* Resources */,
				E3F8F8829C925707ADACA3DE /* [CP] Embed Pods Frameworks */,
				C55BD291141A01A999959023 /* [CP] Copy Pods Resources */,
			);
			buildRules = (
			);
			dependencies = (
			);
			name = scCal;
			productName = scCal;
			productReference = B2EF2D0F1FCA61A400B2B8BC /* scCal.app */;
			productType = "com.apple.product-type.application";
		};
/* End PBXNativeTarget section */

/* Begin PBXProject section */
		B2EF2D071FCA61A400B2B8BC /* Project object */ = {
			isa = PBXProject;
			attributes = {
				KnownAssetTags = (
					dd,
				);
				LastSwiftUpdateCheck = 0910;
				LastUpgradeCheck = 0910;
				ORGANIZATIONNAME = "이승철";
				TargetAttributes = {
					B2EF2D0E1FCA61A400B2B8BC = {
						CreatedOnToolsVersion = 9.1;
						ProvisioningStyle = Automatic;
					};
				};
			};
			buildConfigurationList = B2EF2D0A1FCA61A400B2B8BC /* Build configuration list for PBXProject "scCal" */;
			compatibilityVersion = "Xcode 8.0";
			developmentRegion = en;
			hasScannedForEncodings = 0;
			knownRegions = (
				en,
				Base,
			);
			mainGroup = B2EF2D061FCA61A400B2B8BC;
			productRefGroup = B2EF2D101FCA61A400B2B8BC /* Products */;
			projectDirPath = "";
			projectRoot = "";
			targets = (
				B2EF2D0E1FCA61A400B2B8BC /* scCal */,
			);
		};
/* End PBXProject section */

/* Begin PBXResourcesBuildPhase section */
		B2EF2D0D1FCA61A400B2B8BC /* Resources */ = {
			isa = PBXResourcesBuildPhase;
			buildActionMask = 2147483647;
			files = (
				B2EF2D1D1FCA61A400B2B8BC /* LaunchScreen.storyboard in Resources */,
				B2EF2D1A1FCA61A400B2B8BC /* Assets.xcassets in Resources */,
				B2EF2D181FCA61A400B2B8BC /* Main.storyboard in Resources */,
			);
			runOnlyForDeploymentPostprocessing = 0;
		};
/* End PBXResourcesBuildPhase section */

/* Begin PBXShellScriptBuildPhase section */
		7420305F469E55568E44C64D /* [CP] Check Pods Manifest.lock */ = {
			isa = PBXShellScriptBuildPhase;
			buildActionMask = 2147483647;
			files = (
			);
			inputPaths = (
				"${PODS_PODFILE_DIR_PATH}/Podfile.lock",
				"${PODS_ROOT}/Manifest.lock",
			);
			name = "[CP] Check Pods Manifest.lock";
			outputPaths = (
				"$(DERIVED_FILE_DIR)/Pods-scCal-checkManifestLockResult.txt",
			);
			runOnlyForDeploymentPostprocessing = 0;
			shellPath = /bin/sh;
			shellScript = "diff \"${PODS_PODFILE_DIR_PATH}/Podfile.lock\" \"${PODS_ROOT}/Manifest.lock\" > /dev/null\nif [ $? != 0 ] ; then\n    # print error to STDERR\n    echo \"error: The sandbox is not in sync with the Podfile.lock. Run 'pod install' or update your CocoaPods installation.\" >&2\n    exit 1\nfi\n# This output is used by Xcode 'outputs' to avoid re-running this script phase.\necho \"SUCCESS\" > \"${SCRIPT_OUTPUT_FILE_0}\"\n";
			showEnvVarsInLog = 0;
		};
		C55BD291141A01A999959023 /* [CP] Copy Pods Resources */ = {
			isa = PBXShellScriptBuildPhase;
			buildActionMask = 2147483647;
			files = (
			);
			inputPaths = (
			);
			name = "[CP] Copy Pods Resources";
			outputPaths = (
			);
			runOnlyForDeploymentPostprocessing = 0;
			shellPath = /bin/sh;
			shellScript = "\"${SRCROOT}/Pods/Target Support Files/Pods-scCal/Pods-scCal-resources.sh\"\n";
			showEnvVarsInLog = 0;
		};
		E3F8F8829C925707ADACA3DE /* [CP] Embed Pods Frameworks */ = {
			isa = PBXShellScriptBuildPhase;
			buildActionMask = 2147483647;
			files = (
			);
			inputPaths = (
				"${SRCROOT}/Pods/Target Support Files/Pods-scCal/Pods-scCal-frameworks.sh",
				"${BUILT_PRODUCTS_DIR}/RxCocoa/RxCocoa.framework",
				"${BUILT_PRODUCTS_DIR}/RxSwift/RxSwift.framework",
			);
			name = "[CP] Embed Pods Frameworks";
			outputPaths = (
				"${TARGET_BUILD_DIR}/${FRAMEWORKS_FOLDER_PATH}/RxCocoa.framework",
				"${TARGET_BUILD_DIR}/${FRAMEWORKS_FOLDER_PATH}/RxSwift.framework",
			);
			runOnlyForDeploymentPostprocessing = 0;
			shellPath = /bin/sh;
			shellScript = "\"${SRCROOT}/Pods/Target Support Files/Pods-scCal/Pods-scCal-frameworks.sh\"\n";
			showEnvVarsInLog = 0;
		};
/* End PBXShellScriptBuildPhase section */

/* Begin PBXSourcesBuildPhase section */
		B2EF2D0B1FCA61A400B2B8BC /* Sources */ = {
			isa = PBXSourcesBuildPhase;
			buildActionMask = 2147483647;
			files = (
				B28706DD1FCD9C380015BA15 /* Calculate.swift in Sources */,
				B2EF2D251FCA96FF00B2B8BC /* RoundButton.swift in Sources */,
				B2EF2D151FCA61A400B2B8BC /* ViewController.swift in Sources */,
				B2EF2D131FCA61A400B2B8BC /* AppDelegate.swift in Sources */,
			);
			runOnlyForDeploymentPostprocessing = 0;
		};
/* End PBXSourcesBuildPhase section */

/* Begin PBXVariantGroup section */
		B2EF2D161FCA61A400B2B8BC /* Main.storyboard */ = {
			isa = PBXVariantGroup;
			children = (
				B2EF2D171FCA61A400B2B8BC /* Base */,
			);
			name = Main.storyboard;
			sourceTree = "<group>";
		};
		B2EF2D1B1FCA61A400B2B8BC /* LaunchScreen.storyboard */ = {
			isa = PBXVariantGroup;
			children = (
				B2EF2D1C1FCA61A400B2B8BC /* Base */,
			);
			name = LaunchScreen.storyboard;
			sourceTree = "<group>";
		};
/* End PBXVariantGroup section */

/* Begin XCBuildConfiguration section */
		B2EF2D1F1FCA61A400B2B8BC /* Debug */ = {
			isa = XCBuildConfiguration;
			buildSettings = {
				ALWAYS_SEARCH_USER_PATHS = NO;
				CLANG_ANALYZER_NONNULL = YES;
				CLANG_ANALYZER_NUMBER_OBJECT_CONVERSION = YES_AGGRESSIVE;
				CLANG_CXX_LANGUAGE_STANDARD = "gnu++14";
				CLANG_CXX_LIBRARY = "libc++";
				CLANG_ENABLE_MODULES = YES;
				CLANG_ENABLE_OBJC_ARC = YES;
				CLANG_WARN_BLOCK_CAPTURE_AUTORELEASING = YES;
				CLANG_WARN_BOOL_CONVERSION = YES;
				CLANG_WARN_COMMA = YES;
				CLANG_WARN_CONSTANT_CONVERSION = YES;
				CLANG_WARN_DIRECT_OBJC_ISA_USAGE = YES_ERROR;
				CLANG_WARN_DOCUMENTATION_COMMENTS = YES;
				CLANG_WARN_EMPTY_BODY = YES;
				CLANG_WARN_ENUM_CONVERSION = YES;
				CLANG_WARN_INFINITE_RECURSION = YES;
				CLANG_WARN_INT_CONVERSION = YES;
				CLANG_WARN_NON_LITERAL_NULL_CONVERSION = YES;
				CLANG_WARN_OBJC_LITERAL_CONVERSION = YES;
				CLANG_WARN_OBJC_ROOT_CLASS = YES_ERROR;
				CLANG_WARN_RANGE_LOOP_ANALYSIS = YES;
				CLANG_WARN_STRICT_PROTOTYPES = YES;
				CLANG_WARN_SUSPICIOUS_MOVE = YES;
				CLANG_WARN_UNGUARDED_AVAILABILITY = YES_AGGRESSIVE;
				CLANG_WARN_UNREACHABLE_CODE = YES;
				CLANG_WARN__DUPLICATE_METHOD_MATCH = YES;
				CODE_SIGN_IDENTITY = "iPhone Developer";
				COPY_PHASE_STRIP = NO;
				DEBUG_INFORMATION_FORMAT = dwarf;
				ENABLE_STRICT_OBJC_MSGSEND = YES;
				ENABLE_TESTABILITY = YES;
				GCC_C_LANGUAGE_STANDARD = gnu11;
				GCC_DYNAMIC_NO_PIC = NO;
				GCC_NO_COMMON_BLOCKS = YES;
				GCC_OPTIMIZATION_LEVEL = 0;
				GCC_PREPROCESSOR_DEFINITIONS = (
					"DEBUG=1",
					"$(inherited)",
				);
				GCC_WARN_64_TO_32_BIT_CONVERSION = YES;
				GCC_WARN_ABOUT_RETURN_TYPE = YES_ERROR;
				GCC_WARN_UNDECLARED_SELECTOR = YES;
				GCC_WARN_UNINITIALIZED_AUTOS = YES_AGGRESSIVE;
				GCC_WARN_UNUSED_FUNCTION = YES;
				GCC_WARN_UNUSED_VARIABLE = YES;
				IPHONEOS_DEPLOYMENT_TARGET = 11.1;
				MTL_ENABLE_DEBUG_INFO = YES;
				ONLY_ACTIVE_ARCH = YES;
				SDKROOT = iphoneos;
				SWIFT_ACTIVE_COMPILATION_CONDITIONS = DEBUG;
				SWIFT_OPTIMIZATION_LEVEL = "-Onone";
			};
			name = Debug;
		};
		B2EF2D201FCA61A400B2B8BC /* Release */ = {
			isa = XCBuildConfiguration;
			buildSettings = {
				ALWAYS_SEARCH_USER_PATHS = NO;
				CLANG_ANALYZER_NONNULL = YES;
				CLANG_ANALYZER_NUMBER_OBJECT_CONVERSION = YES_AGGRESSIVE;
				CLANG_CXX_LANGUAGE_STANDARD = "gnu++14";
				CLANG_CXX_LIBRARY = "libc++";
				CLANG_ENABLE_MODULES = YES;
				CLANG_ENABLE_OBJC_ARC = YES;
				CLANG_WARN_BLOCK_CAPTURE_AUTORELEASING = YES;
				CLANG_WARN_BOOL_CONVERSION = YES;
				CLANG_WARN_COMMA = YES;
				CLANG_WARN_CONSTANT_CONVERSION = YES;
				CLANG_WARN_DIRECT_OBJC_ISA_USAGE = YES_ERROR;
				CLANG_WARN_DOCUMENTATION_COMMENTS = YES;
				CLANG_WARN_EMPTY_BODY = YES;
				CLANG_WARN_ENUM_CONVERSION = YES;
				CLANG_WARN_INFINITE_RECURSION = YES;
				CLANG_WARN_INT_CONVERSION = YES;
				CLANG_WARN_NON_LITERAL_NULL_CONVERSION = YES;
				CLANG_WARN_OBJC_LITERAL_CONVERSION = YES;
				CLANG_WARN_OBJC_ROOT_CLASS = YES_ERROR;
				CLANG_WARN_RANGE_LOOP_ANALYSIS = YES;
				CLANG_WARN_STRICT_PROTOTYPES = YES;
				CLANG_WARN_SUSPICIOUS_MOVE = YES;
				CLANG_WARN_UNGUARDED_AVAILABILITY = YES_AGGRESSIVE;
				CLANG_WARN_UNREACHABLE_CODE = YES;
				CLANG_WARN__DUPLICATE_METHOD_MATCH = YES;
				CODE_SIGN_IDENTITY = "iPhone Developer";
				COPY_PHASE_STRIP = NO;
				DEBUG_INFORMATION_FORMAT = "dwarf-with-dsym";
				ENABLE_NS_ASSERTIONS = NO;
				ENABLE_STRICT_OBJC_MSGSEND = YES;
				GCC_C_LANGUAGE_STANDARD = gnu11;
				GCC_NO_COMMON_BLOCKS = YES;
				GCC_WARN_64_TO_32_BIT_CONVERSION = YES;
				GCC_WARN_ABOUT_RETURN_TYPE = YES_ERROR;
				GCC_WARN_UNDECLARED_SELECTOR = YES;
				GCC_WARN_UNINITIALIZED_AUTOS = YES_AGGRESSIVE;
				GCC_WARN_UNUSED_FUNCTION = YES;
				GCC_WARN_UNUSED_VARIABLE = YES;
				IPHONEOS_DEPLOYMENT_TARGET = 11.1;
				MTL_ENABLE_DEBUG_INFO = NO;
				SDKROOT = iphoneos;
				SWIFT_OPTIMIZATION_LEVEL = "-Owholemodule";
				VALIDATE_PRODUCT = YES;
			};
			name = Release;
		};
		B2EF2D221FCA61A400B2B8BC /* Debug */ = {
			isa = XCBuildConfiguration;
			baseConfigurationReference = 79A0871D31F8320334DDEAFA /* Pods-scCal.debug.xcconfig */;
			buildSettings = {
				ASSETCATALOG_COMPILER_APPICON_NAME = AppIcon;
				CODE_SIGN_STYLE = Automatic;
				DEVELOPMENT_TEAM = 89V98CZQGR;
				INFOPLIST_FILE = scCal/Info.plist;
				LD_RUNPATH_SEARCH_PATHS = "$(inherited) @executable_path/Frameworks";
				PRODUCT_BUNDLE_IDENTIFIER = leesc.scCal;
				PRODUCT_NAME = "$(TARGET_NAME)";
				SWIFT_VERSION = 4.0;
				TARGETED_DEVICE_FAMILY = "1,2";
			};
			name = Debug;
		};
		B2EF2D231FCA61A400B2B8BC /* Release */ = {
			isa = XCBuildConfiguration;
			baseConfigurationReference = 0745ABABF8349769C877B5F3 /* Pods-scCal.release.xcconfig */;
			buildSettings = {
				ASSETCATALOG_COMPILER_APPICON_NAME = AppIcon;
				CODE_SIGN_STYLE = Automatic;
				DEVELOPMENT_TEAM = 89V98CZQGR;
				INFOPLIST_FILE = scCal/Info.plist;
				LD_RUNPATH_SEARCH_PATHS = "$(inherited) @executable_path/Frameworks";
				PRODUCT_BUNDLE_IDENTIFIER = leesc.scCal;
				PRODUCT_NAME = "$(TARGET_NAME)";
				SWIFT_VERSION = 4.0;
				TARGETED_DEVICE_FAMILY = "1,2";
			};
			name = Release;
		};
/* End XCBuildConfiguration section */

/* Begin XCConfigurationList section */
		B2EF2D0A1FCA61A400B2B8BC /* Build configuration list for PBXProject "scCal" */ = {
			isa = XCConfigurationList;
			buildConfigurations = (
				B2EF2D1F1FCA61A400B2B8BC /* Debug */,
				B2EF2D201FCA61A400B2B8BC /* Release */,
			);
			defaultConfigurationIsVisible = 0;
			defaultConfigurationName = Release;
		};
		B2EF2D211FCA61A400B2B8BC /* Build configuration list for PBXNativeTarget "scCal" */ = {
			isa = XCConfigurationList;
			buildConfigurations = (
				B2EF2D221FCA61A400B2B8BC /* Debug */,
				B2EF2D231FCA61A400B2B8BC /* Release */,
			);
			defaultConfigurationIsVisible = 0;
			defaultConfigurationName = Release;
		};
/* End XCConfigurationList section */
	};
	rootObject = B2EF2D071FCA61A400B2B8BC /* Project object */;
}
